{
  "requires": true,
  "lockfileVersion": 1,
  "dependencies": {
    "caniuse-lite": {
      "version": "1.0.30001179",
      "resolved": "https://registry.npmjs.org/caniuse-lite/-/caniuse-lite-1.0.30001179.tgz",
      "integrity": "sha512-blMmO0QQujuUWZKyVrD1msR4WNDAqb/UPO1Sw2WWsQ7deoM5bJiicKnWJ1Y0NS/aGINSnKPIWBMw5luX+NDUCA=="
    }
  }
}
